{
  "name": "cs_integration",
  "version": "1.0.0",
  "lockfileVersion": 2,
  "requires": true,
  "packages": {
    "": {
      "name": "cs_integration",
      "version": "1.0.0",
      "license": "ISC",
      "dependencies": {
        "csgo-buddy": "^1.0.7",
        "fs": "^0.0.1-security",
        "http": "^0.0.1-security",
        "telnet-client": "^2.0.2"
      },
      "devDependencies": {
        "typescript": "^4.6.3"
      }
    },
    "node_modules/arg": {
      "version": "5.0.1",
      "resolved": "https://registry.npmjs.org/arg/-/arg-5.0.1.tgz",
      "integrity": "sha512-e0hDa9H2Z9AwFkk2qDlwhoMYE4eToKarchkQHovNdLTCYMHZHeRjI71crOh+dio4K6u1IcwubQqo79Ga4CyAQA=="
    },
    "node_modules/csgo-buddy": {
      "version": "1.0.7",
      "resolved": "https://registry.npmjs.org/csgo-buddy/-/csgo-buddy-1.0.7.tgz",
      "integrity": "sha512-Z/kzwKRqzbHw7JgAszxtj2fOLf9gdGP6hjr8f+r2ZPzdMbVOuKSEYysOLXQqA65QdKq+1qyRED+UJQAYhFKHxw==",
      "dependencies": {
        "arg": "^5.0.0"
      },
      "bin": {
        "csgo-buddy": "lib/index.js"
      }
    },
    "node_modules/emitter-component": {
      "version": "1.1.1",
      "resolved": "https://registry.npmjs.org/emitter-component/-/emitter-component-1.1.1.tgz",
      "integrity": "sha1-Bl4tvtaVm/RwZ57avq95gdEAOrY="
    },
    "node_modules/fs": {
      "version": "0.0.1-security",
      "resolved": "https://registry.npmjs.org/fs/-/fs-0.0.1-security.tgz",
      "integrity": "sha1-invTcYa23d84E/I4WLV+yq9eQdQ="
    },
    "node_modules/http": {
      "version": "0.0.1-security",
      "resolved": "https://registry.npmjs.org/http/-/http-0.0.1-security.tgz",
      "integrity": "sha512-RnDvP10Ty9FxqOtPZuxtebw1j4L/WiqNMDtuc1YMH1XQm5TgDRaR1G9u8upL6KD1bXHSp9eSXo/ED+8Q7FAr+g=="
    },
    "node_modules/net": {
      "version": "1.0.2",
      "resolved": "https://registry.npmjs.org/net/-/net-1.0.2.tgz",
      "integrity": "sha1-0XV+yaf7I3HYPPR1XOPifhCCk4g="
    },
    "node_modules/stream": {
      "version": "0.0.2",
      "resolved": "https://registry.npmjs.org/stream/-/stream-0.0.2.tgz",
      "integrity": "sha1-f1Nj8Ff2WSxVlfALyAon9c7B8O8=",
      "dependencies": {
        "emitter-component": "^1.1.1"
      }
    },
    "node_modules/telnet-client": {
      "version": "2.0.2",
      "resolved": "https://registry.npmjs.org/telnet-client/-/telnet-client-2.0.2.tgz",
      "integrity": "sha512-10yYgaXN3P9xFgCLpSImjJA4+nxZnx1i0PC38OCzmInfYEbtcFuRdetHtw8xXnwMg5oBXqdXrOdssiUjZYF1Yg==",
      "dependencies": {
        "net": "^1.0.2",
        "stream": "^0.0.2"
      },
      "funding": {
        "type": "paypal",
        "url": "https://paypal.me/kozjak"
      }
    },
    "node_modules/typescript": {
      "version": "4.6.3",
      "resolved": "https://registry.npmjs.org/typescript/-/typescript-4.6.3.tgz",
      "integrity": "sha512-yNIatDa5iaofVozS/uQJEl3JRWLKKGJKh6Yaiv0GLGSuhpFJe7P3SbHZ8/yjAHRQwKRoA6YZqlfjXWmVzoVSMw==",
      "dev": true,
      "bin": {
        "tsc": "bin/tsc",
        "tsserver": "bin/tsserver"
      },
      "engines": {
        "node": ">=4.2.0"
      }
    }
  },
  "dependencies": {
    "arg": {
      "version": "5.0.1",
      "resolved": "https://registry.npmjs.org/arg/-/arg-5.0.1.tgz",
      "integrity": "sha512-e0hDa9H2Z9AwFkk2qDlwhoMYE4eToKarchkQHovNdLTCYMHZHeRjI71crOh+dio4K6u1IcwubQqo79Ga4CyAQA=="
    },
    "csgo-buddy": {
      "version": "1.0.7",
      "resolved": "https://registry.npmjs.org/csgo-buddy/-/csgo-buddy-1.0.7.tgz",
      "integrity": "sha512-Z/kzwKRqzbHw7JgAszxtj2fOLf9gdGP6hjr8f+r2ZPzdMbVOuKSEYysOLXQqA65QdKq+1qyRED+UJQAYhFKHxw==",
      "requires": {
        "arg": "^5.0.0"
      }
    },
    "emitter-component": {
      "version": "1.1.1",
      "resolved": "https://registry.npmjs.org/emitter-component/-/emitter-component-1.1.1.tgz",
      "integrity": "sha1-Bl4tvtaVm/RwZ57avq95gdEAOrY="
    },
    "fs": {
      "version": "0.0.1-security",
      "resolved": "https://registry.npmjs.org/fs/-/fs-0.0.1-security.tgz",
      "integrity": "sha1-invTcYa23d84E/I4WLV+yq9eQdQ="
    },
    "http": {
      "version": "0.0.1-security",
      "resolved": "https://registry.npmjs.org/http/-/http-0.0.1-security.tgz",
      "integrity": "sha512-RnDvP10Ty9FxqOtPZuxtebw1j4L/WiqNMDtuc1YMH1XQm5TgDRaR1G9u8upL6KD1bXHSp9eSXo/ED+8Q7FAr+g=="
    },
    "net": {
      "version": "1.0.2",
      "resolved": "https://registry.npmjs.org/net/-/net-1.0.2.tgz",
      "integrity": "sha1-0XV+yaf7I3HYPPR1XOPifhCCk4g="
    },
    "stream": {
      "version": "0.0.2",
      "resolved": "https://registry.npmjs.org/stream/-/stream-0.0.2.tgz",
      "integrity": "sha1-f1Nj8Ff2WSxVlfALyAon9c7B8O8=",
      "requires": {
        "emitter-component": "^1.1.1"
      }
    },
    "telnet-client": {
      "version": "2.0.2",
      "resolved": "https://registry.npmjs.org/telnet-client/-/telnet-client-2.0.2.tgz",
      "integrity": "sha512-10yYgaXN3P9xFgCLpSImjJA4+nxZnx1i0PC38OCzmInfYEbtcFuRdetHtw8xXnwMg5oBXqdXrOdssiUjZYF1Yg==",
      "requires": {
        "net": "^1.0.2",
        "stream": "^0.0.2"
      }
    },
    "typescript": {
      "version": "4.6.3",
      "resolved": "https://registry.npmjs.org/typescript/-/typescript-4.6.3.tgz",
      "integrity": "sha512-yNIatDa5iaofVozS/uQJEl3JRWLKKGJKh6Yaiv0GLGSuhpFJe7P3SbHZ8/yjAHRQwKRoA6YZqlfjXWmVzoVSMw==",
      "dev": true
    }
  }
}
